
Microsoft Visual Studio Solution File, Format Version 12.00
# Visual Studio Version 16
VisualStudioVersion = 16.0.34601.136
MinimumVisualStudioVersion = 10.0.40219.1
Project("{FAE04EC0-301F-11D3-BF4B-00C04F79EFBC}") = "Clave2_Grupo3(US23007)", "Clave2_Grupo3(US23007).csproj", "{FFB25DAE-DBA9-48C9-9F2A-F811BC66FBEB}"
EndProject
Global
	GlobalSection(SolutionConfigurationPlatforms) = preSolution
		Debug|Any CPU = Debug|Any CPU
		Release|Any CPU = Release|Any CPU
	EndGlobalSection
	GlobalSection(ProjectConfigurationPlatforms) = postSolution
		{FFB25DAE-DBA9-48C9-9F2A-F811BC66FBEB}.Debug|Any CPU.ActiveCfg = Debug|Any CPU
		{FFB25DAE-DBA9-48C9-9F2A-F811BC66FBEB}.Debug|Any CPU.Build.0 = Debug|Any CPU
		{FFB25DAE-DBA9-48C9-9F2A-F811BC66FBEB}.Release|Any CPU.ActiveCfg = Release|Any CPU
		{FFB25DAE-DBA9-48C9-9F2A-F811BC66FBEB}.Release|Any CPU.Build.0 = Release|Any CPU
	EndGlobalSection
	GlobalSection(SolutionProperties) = preSolution
		HideSolutionNode = FALSE
	EndGlobalSection
	GlobalSection(ExtensibilityGlobals) = postSolution
		SolutionGuid = {EADD5113-1B20-4E4F-9A6D-D74256009E96}
	EndGlobalSection
EndGlobal
